
Microsoft Visual Studio Solution File, Format Version 12.00
# Visual Studio 14
VisualStudioVersion = 14.0.23107.0
MinimumVisualStudioVersion = 10.0.40219.1
Project("{FAE04EC0-301F-11D3-BF4B-00C04F79EFBC}") = "Wlog.Clients", "Wlog.Clients\Wlog.Clients.csproj", "{C3F67DFE-914A-4852-9EAE-82B401AB70CB}"
EndProject
Project("{FAE04EC0-301F-11D3-BF4B-00C04F79EFBC}") = "Wlog.Clients.Log4Net", "WLog.Clients.Log4Net\Wlog.Clients.Log4Net.csproj", "{3F2B62ED-A3B2-4137-9033-266BE27D8D1D}"
EndProject
Project("{FAE04EC0-301F-11D3-BF4B-00C04F79EFBC}") = "Wlog.Clients.NLog", "WLog.Clients.NLog\Wlog.Clients.NLog.csproj", "{96B4C016-6835-4C7B-A9D0-C5BBECE53AE7}"
EndProject
Project("{FAE04EC0-301F-11D3-BF4B-00C04F79EFBC}") = "Wlog.Loggers", "WLog.Loggers\Wlog.Loggers.csproj", "{268FC8C1-F3A6-45BF-930E-64A09E3B231B}"
EndProject
Project("{FAE04EC0-301F-11D3-BF4B-00C04F79EFBC}") = "Wlog.TestApp", "Wlog.TestApp\Wlog.TestApp.csproj", "{176B4309-6EDF-4D6B-9296-A853181EB923}"
EndProject
Global
	GlobalSection(SolutionConfigurationPlatforms) = preSolution
		AppHarbor|Any CPU = AppHarbor|Any CPU
		Debug|Any CPU = Debug|Any CPU
		Release|Any CPU = Release|Any CPU
	EndGlobalSection
	GlobalSection(ProjectConfigurationPlatforms) = postSolution
		{C3F67DFE-914A-4852-9EAE-82B401AB70CB}.AppHarbor|Any CPU.ActiveCfg = Release|Any CPU
		{C3F67DFE-914A-4852-9EAE-82B401AB70CB}.AppHarbor|Any CPU.Build.0 = Release|Any CPU
		{C3F67DFE-914A-4852-9EAE-82B401AB70CB}.Debug|Any CPU.ActiveCfg = Debug|Any CPU
		{C3F67DFE-914A-4852-9EAE-82B401AB70CB}.Debug|Any CPU.Build.0 = Debug|Any CPU
		{C3F67DFE-914A-4852-9EAE-82B401AB70CB}.Release|Any CPU.ActiveCfg = Release|Any CPU
		{C3F67DFE-914A-4852-9EAE-82B401AB70CB}.Release|Any CPU.Build.0 = Release|Any CPU
		{3F2B62ED-A3B2-4137-9033-266BE27D8D1D}.AppHarbor|Any CPU.ActiveCfg = Release|Any CPU
		{3F2B62ED-A3B2-4137-9033-266BE27D8D1D}.AppHarbor|Any CPU.Build.0 = Release|Any CPU
		{3F2B62ED-A3B2-4137-9033-266BE27D8D1D}.Debug|Any CPU.ActiveCfg = Debug|Any CPU
		{3F2B62ED-A3B2-4137-9033-266BE27D8D1D}.Debug|Any CPU.Build.0 = Debug|Any CPU
		{3F2B62ED-A3B2-4137-9033-266BE27D8D1D}.Release|Any CPU.ActiveCfg = Release|Any CPU
		{3F2B62ED-A3B2-4137-9033-266BE27D8D1D}.Release|Any CPU.Build.0 = Release|Any CPU
		{96B4C016-6835-4C7B-A9D0-C5BBECE53AE7}.AppHarbor|Any CPU.ActiveCfg = AppHarbor|Any CPU
		{96B4C016-6835-4C7B-A9D0-C5BBECE53AE7}.AppHarbor|Any CPU.Build.0 = AppHarbor|Any CPU
		{96B4C016-6835-4C7B-A9D0-C5BBECE53AE7}.Debug|Any CPU.ActiveCfg = Debug|Any CPU
		{96B4C016-6835-4C7B-A9D0-C5BBECE53AE7}.Debug|Any CPU.Build.0 = Debug|Any CPU
		{96B4C016-6835-4C7B-A9D0-C5BBECE53AE7}.Release|Any CPU.ActiveCfg = Release|Any CPU
		{96B4C016-6835-4C7B-A9D0-C5BBECE53AE7}.Release|Any CPU.Build.0 = Release|Any CPU
		{268FC8C1-F3A6-45BF-930E-64A09E3B231B}.AppHarbor|Any CPU.ActiveCfg = Release|Any CPU
		{268FC8C1-F3A6-45BF-930E-64A09E3B231B}.AppHarbor|Any CPU.Build.0 = Release|Any CPU
		{268FC8C1-F3A6-45BF-930E-64A09E3B231B}.Debug|Any CPU.ActiveCfg = Debug|Any CPU
		{268FC8C1-F3A6-45BF-930E-64A09E3B231B}.Debug|Any CPU.Build.0 = Debug|Any CPU
		{268FC8C1-F3A6-45BF-930E-64A09E3B231B}.Release|Any CPU.ActiveCfg = Release|Any CPU
		{268FC8C1-F3A6-45BF-930E-64A09E3B231B}.Release|Any CPU.Build.0 = Release|Any CPU
		{176B4309-6EDF-4D6B-9296-A853181EB923}.AppHarbor|Any CPU.ActiveCfg = Release|Any CPU
		{176B4309-6EDF-4D6B-9296-A853181EB923}.AppHarbor|Any CPU.Build.0 = Release|Any CPU
		{176B4309-6EDF-4D6B-9296-A853181EB923}.Debug|Any CPU.ActiveCfg = Debug|Any CPU
		{176B4309-6EDF-4D6B-9296-A853181EB923}.Debug|Any CPU.Build.0 = Debug|Any CPU
		{176B4309-6EDF-4D6B-9296-A853181EB923}.Release|Any CPU.ActiveCfg = Release|Any CPU
		{176B4309-6EDF-4D6B-9296-A853181EB923}.Release|Any CPU.Build.0 = Release|Any CPU
	EndGlobalSection
	GlobalSection(SolutionProperties) = preSolution
		HideSolutionNode = FALSE
	EndGlobalSection
EndGlobal
